
Microsoft Visual Studio Solution File, Format Version 12.00
# Visual Studio Version 17
VisualStudioVersion = 17.9.34622.214
MinimumVisualStudioVersion = 10.0.40219.1
Project("{FAE04EC0-301F-11D3-BF4B-00C04F79EFBC}") = "modul8_1302223015", "modul8_1302223015\modul8_1302223015.csproj", "{8BFF4695-45AE-4CE8-93A0-D5352BA3DA44}"
EndProject
Global
	GlobalSection(SolutionConfigurationPlatforms) = preSolution
		Debug|Any CPU = Debug|Any CPU
		Release|Any CPU = Release|Any CPU
	EndGlobalSection
	GlobalSection(ProjectConfigurationPlatforms) = postSolution
		{8BFF4695-45AE-4CE8-93A0-D5352BA3DA44}.Debug|Any CPU.ActiveCfg = Debug|Any CPU
		{8BFF4695-45AE-4CE8-93A0-D5352BA3DA44}.Debug|Any CPU.Build.0 = Debug|Any CPU
		{8BFF4695-45AE-4CE8-93A0-D5352BA3DA44}.Release|Any CPU.ActiveCfg = Release|Any CPU
		{8BFF4695-45AE-4CE8-93A0-D5352BA3DA44}.Release|Any CPU.Build.0 = Release|Any CPU
	EndGlobalSection
	GlobalSection(SolutionProperties) = preSolution
		HideSolutionNode = FALSE
	EndGlobalSection
	GlobalSection(ExtensibilityGlobals) = postSolution
		SolutionGuid = {EA262703-EA57-4361-9B55-07ED5C7B714B}
	EndGlobalSection
EndGlobal
